// !$*UTF8*$!
{
	archiveVersion = 1;
	classes = {
	};
	objectVersion = 46;
	objects = {

/* Begin PBXBuildFile section */
		001094F91C65017000C25E9B /* BBInforBaseViewController.m in Sources */ = {isa = PBXBuildFile; fileRef = 001094F81C65017000C25E9B /* BBInforBaseViewController.m */; };
		00D8DC1E1C63ACD8008596CE /* Archive.m in Sources */ = {isa = PBXBuildFile; fileRef = 00D8DC191C63ACD8008596CE /* Archive.m */; };
		00D8DC1F1C63ACD8008596CE /* Blog.m in Sources */ = {isa = PBXBuildFile; fileRef = 00D8DC1B1C63ACD8008596CE /* Blog.m */; };
		00D8DC201C63ACD8008596CE /* Book.m in Sources */ = {isa = PBXBuildFile; fileRef = 00D8DC1D1C63ACD8008596CE /* Book.m */; };
		00D8DC271C63ACE0008596CE /* UIColor+kabIOSAdditions.m in Sources */ = {isa = PBXBuildFile; fileRef = 00D8DC221C63ACE0008596CE /* UIColor+kabIOSAdditions.m */; };
		00D8DC281C63ACE0008596CE /* UIButton+kabiOSAdditions.m in Sources */ = {isa = PBXBuildFile; fileRef = 00D8DC241C63ACE0008596CE /* UIButton+kabiOSAdditions.m */; };
		00D8DC291C63ACE0008596CE /* UIFont+kabiOSAdditions.m in Sources */ = {isa = PBXBuildFile; fileRef = 00D8DC261C63ACE0008596CE /* UIFont+kabiOSAdditions.m */; };
		00D8DC2E1C63ACEE008596CE /* FeedAPI.m in Sources */ = {isa = PBXBuildFile; fileRef = 00D8DC2B1C63ACEE008596CE /* FeedAPI.m */; };
		00D8DC2F1C63ACEE008596CE /* FeedModel.m in Sources */ = {isa = PBXBuildFile; fileRef = 00D8DC2D1C63ACEE008596CE /* FeedModel.m */; };
		00D8DC361C63AD1B008596CE /* GMHUDWindow.m in Sources */ = {isa = PBXBuildFile; fileRef = 00D8DC331C63AD1B008596CE /* GMHUDWindow.m */; };
		00D8DC371C63AD1B008596CE /* GMHUDWindowViewController.m in Sources */ = {isa = PBXBuildFile; fileRef = 00D8DC351C63AD1B008596CE /* GMHUDWindowViewController.m */; };
		00D8DC3A1C63AD22008596CE /* GMHudView.m in Sources */ = {isa = PBXBuildFile; fileRef = 00D8DC391C63AD22008596CE /* GMHudView.m */; };
		00D8DC431C63AD39008596CE /* GMDPTRDefault.m in Sources */ = {isa = PBXBuildFile; fileRef = 00D8DC3E1C63AD39008596CE /* GMDPTRDefault.m */; };
		00D8DC441C63AD39008596CE /* GMDPTRSimple.m in Sources */ = {isa = PBXBuildFile; fileRef = 00D8DC401C63AD39008596CE /* GMDPTRSimple.m */; };
		00D8DC451C63AD39008596CE /* GMDPTRView.m in Sources */ = {isa = PBXBuildFile; fileRef = 00D8DC421C63AD39008596CE /* GMDPTRView.m */; };
		00D8DC481C63AD7D008596CE /* GMWebView.m in Sources */ = {isa = PBXBuildFile; fileRef = 00D8DC471C63AD7D008596CE /* GMWebView.m */; };
		00D8DC4A1C63AD8C008596CE /* style.css in Resources */ = {isa = PBXBuildFile; fileRef = 00D8DC491C63AD8C008596CE /* style.css */; };
		00D8DC591C63ADD0008596CE /* MediaCollectionViewController.m in Sources */ = {isa = PBXBuildFile; fileRef = 00D8DC4E1C63ADD0008596CE /* MediaCollectionViewController.m */; };
		00D8DC5A1C63ADD0008596CE /* ArchiveViewController.m in Sources */ = {isa = PBXBuildFile; fileRef = 00D8DC501C63ADD0008596CE /* ArchiveViewController.m */; };
		00D8DC5B1C63ADD0008596CE /* GMDWebViewController.m in Sources */ = {isa = PBXBuildFile; fileRef = 00D8DC521C63ADD0008596CE /* GMDWebViewController.m */; };
		00D8DC5C1C63ADD0008596CE /* BookStoreViewController.m in Sources */ = {isa = PBXBuildFile; fileRef = 00D8DC541C63ADD0008596CE /* BookStoreViewController.m */; };
		00D8DC5D1C63ADD0008596CE /* BookStoreDetailViewController.m in Sources */ = {isa = PBXBuildFile; fileRef = 00D8DC561C63ADD0008596CE /* BookStoreDetailViewController.m */; };
		00D8DC5E1C63ADD0008596CE /* SelfStudyViewController.m in Sources */ = {isa = PBXBuildFile; fileRef = 00D8DC581C63ADD0008596CE /* SelfStudyViewController.m */; };
		00D8DC621C63ADE2008596CE /* KabTvViewController.m in Sources */ = {isa = PBXBuildFile; fileRef = 00D8DC611C63ADE2008596CE /* KabTvViewController.m */; };
		00D8DC681C63ADF2008596CE /* BlogViewController.m in Sources */ = {isa = PBXBuildFile; fileRef = 00D8DC651C63ADF2008596CE /* BlogViewController.m */; };
		00D8DC691C63ADF2008596CE /* BlogDetailViewController.m in Sources */ = {isa = PBXBuildFile; fileRef = 00D8DC671C63ADF2008596CE /* BlogDetailViewController.m */; };
		00D8DC711C63AE01008596CE /* KabbalahViewController.m in Sources */ = {isa = PBXBuildFile; fileRef = 00D8DC6C1C63AE01008596CE /* KabbalahViewController.m */; };
		00D8DC721C63AE01008596CE /* KabbalahDetailViewController.m in Sources */ = {isa = PBXBuildFile; fileRef = 00D8DC6E1C63AE01008596CE /* KabbalahDetailViewController.m */; };
		00D8DC731C63AE01008596CE /* KabbalahTVDetailViewController.m in Sources */ = {isa = PBXBuildFile; fileRef = 00D8DC701C63AE01008596CE /* KabbalahTVDetailViewController.m */; };
		00D8DC7F1C63AEEF008596CE /* CustomCell.m in Sources */ = {isa = PBXBuildFile; fileRef = 00D8DC761C63AEEF008596CE /* CustomCell.m */; };
		00D8DC801C63AEEF008596CE /* BlogCell.m in Sources */ = {isa = PBXBuildFile; fileRef = 00D8DC781C63AEEF008596CE /* BlogCell.m */; };
		00D8DC811C63AEEF008596CE /* BookCell.m in Sources */ = {isa = PBXBuildFile; fileRef = 00D8DC7A1C63AEEF008596CE /* BookCell.m */; };
		00D8DC821C63AEEF008596CE /* BBEmptyDataSetSource.m in Sources */ = {isa = PBXBuildFile; fileRef = 00D8DC7C1C63AEEF008596CE /* BBEmptyDataSetSource.m */; };
		00D8DC831C63AEEF008596CE /* BBLoadingErrorEmptyDataSetSource.m in Sources */ = {isa = PBXBuildFile; fileRef = 00D8DC7E1C63AEEF008596CE /* BBLoadingErrorEmptyDataSetSource.m */; };
		00D8DC861C63AF5C008596CE /* LoginViewController.m in Sources */ = {isa = PBXBuildFile; fileRef = 00D8DC851C63AF5C008596CE /* LoginViewController.m */; };
		00D8DC891C63BD9B008596CE /* Launch Screen.storyboard in Resources */ = {isa = PBXBuildFile; fileRef = 00D8DC881C63BD9B008596CE /* Launch Screen.storyboard */; };
		6D17287216856EBE00C46DB4 /* MobileCoreServices.framework in Frameworks */ = {isa = PBXBuildFile; fileRef = 6D17287116856EBE00C46DB4 /* MobileCoreServices.framework */; settings = {ATTRIBUTES = (Weak, ); }; };
		6D1728961685805500C46DB4 /* CDataChunk.m in Sources */ = {isa = PBXBuildFile; fileRef = 6D1728751685805500C46DB4 /* CDataChunk.m */; settings = {COMPILER_FLAGS = "-w -fno-objc-arc"; }; };
		6D1728971685805500C46DB4 /* Chunk.m in Sources */ = {isa = PBXBuildFile; fileRef = 6D1728771685805500C46DB4 /* Chunk.m */; settings = {COMPILER_FLAGS = "-w -fno-objc-arc"; }; };
		6D1728981685805500C46DB4 /* CommentChunk.m in Sources */ = {isa = PBXBuildFile; fileRef = 6D1728791685805500C46DB4 /* CommentChunk.m */; settings = {COMPILER_FLAGS = "-w -fno-objc-arc"; }; };
		6D1728991685805500C46DB4 /* CSSPartMatcher.m in Sources */ = {isa = PBXBuildFile; fileRef = 6D17287B1685805500C46DB4 /* CSSPartMatcher.m */; settings = {COMPILER_FLAGS = "-w -fno-objc-arc"; }; };
		6D17289A1685805500C46DB4 /* CSSSelector.m in Sources */ = {isa = PBXBuildFile; fileRef = 6D17287D1685805500C46DB4 /* CSSSelector.m */; settings = {COMPILER_FLAGS = "-w -fno-objc-arc"; }; };
		6D17289B1685805500C46DB4 /* CSSSelectorMatcher.m in Sources */ = {isa = PBXBuildFile; fileRef = 6D17287F1685805500C46DB4 /* CSSSelectorMatcher.m */; settings = {COMPILER_FLAGS = "-w -fno-objc-arc"; }; };
		6D17289C1685805500C46DB4 /* CSSSelectorPart.m in Sources */ = {isa = PBXBuildFile; fileRef = 6D1728811685805500C46DB4 /* CSSSelectorPart.m */; settings = {COMPILER_FLAGS = "-w -fno-objc-arc"; }; };
		6D17289D1685805500C46DB4 /* DoctypeChunk.m in Sources */ = {isa = PBXBuildFile; fileRef = 6D1728831685805500C46DB4 /* DoctypeChunk.m */; settings = {COMPILER_FLAGS = "-w -fno-objc-arc"; }; };
		6D17289E1685805500C46DB4 /* DocumentRoot.m in Sources */ = {isa = PBXBuildFile; fileRef = 6D1728851685805500C46DB4 /* DocumentRoot.m */; settings = {COMPILER_FLAGS = "-w -fno-objc-arc"; }; };
		6D17289F1685805500C46DB4 /* Element.m in Sources */ = {isa = PBXBuildFile; fileRef = 6D1728871685805500C46DB4 /* Element.m */; settings = {COMPILER_FLAGS = "-w -fno-objc-arc"; }; };
		6D1728A01685805500C46DB4 /* ElementParser.m in Sources */ = {isa = PBXBuildFile; fileRef = 6D1728891685805500C46DB4 /* ElementParser.m */; settings = {COMPILER_FLAGS = "-w -fno-objc-arc"; }; };
		6D1728A11685805500C46DB4 /* EntityChunk.m in Sources */ = {isa = PBXBuildFile; fileRef = 6D17288B1685805500C46DB4 /* EntityChunk.m */; settings = {COMPILER_FLAGS = "-w -fno-objc-arc"; }; };
		6D1728A21685805500C46DB4 /* NSString_HTML.m in Sources */ = {isa = PBXBuildFile; fileRef = 6D17288D1685805500C46DB4 /* NSString_HTML.m */; settings = {COMPILER_FLAGS = "-w -fno-objc-arc"; }; };
		6D1728A31685805500C46DB4 /* ProcessingInstructionChunk.m in Sources */ = {isa = PBXBuildFile; fileRef = 6D17288F1685805500C46DB4 /* ProcessingInstructionChunk.m */; settings = {COMPILER_FLAGS = "-w -fno-objc-arc"; }; };
		6D1728A41685805500C46DB4 /* TagChunk.m in Sources */ = {isa = PBXBuildFile; fileRef = 6D1728911685805500C46DB4 /* TagChunk.m */; settings = {COMPILER_FLAGS = "-w -fno-objc-arc"; }; };
		6D1728A51685805500C46DB4 /* TxtChunk.m in Sources */ = {isa = PBXBuildFile; fileRef = 6D1728931685805500C46DB4 /* TxtChunk.m */; settings = {COMPILER_FLAGS = "-w -fno-objc-arc"; }; };
		6D1728A61685805500C46DB4 /* URLParser.m in Sources */ = {isa = PBXBuildFile; fileRef = 6D1728951685805500C46DB4 /* URLParser.m */; settings = {COMPILER_FLAGS = "-w -fno-objc-arc"; }; };
		6D192B7815CF890B008F06DB /* About.m in Sources */ = {isa = PBXBuildFile; fileRef = 6D192B7715CF890B008F06DB /* About.m */; };
		6D192B8215CF93AB008F06DB /* Privacy.m in Sources */ = {isa = PBXBuildFile; fileRef = 6D192B8115CF93AB008F06DB /* Privacy.m */; };
		6D192B8515D0A41C008F06DB /* Terms.m in Sources */ = {isa = PBXBuildFile; fileRef = 6D192B8415D0A41B008F06DB /* Terms.m */; };
		6D192B8A15D0AB36008F06DB /* Libraries.m in Sources */ = {isa = PBXBuildFile; fileRef = 6D192B8915D0AB36008F06DB /* Libraries.m */; };
		6D47052416E595670018F6D6 /* CoreLocation.framework in Frameworks */ = {isa = PBXBuildFile; fileRef = 6D47051F16E595120018F6D6 /* CoreLocation.framework */; };
		6D47052516E595700018F6D6 /* AudioToolbox.framework in Frameworks */ = {isa = PBXBuildFile; fileRef = 6D47051D16E594F00018F6D6 /* AudioToolbox.framework */; };
		6D4C1CED155908540091EFC5 /* Twitter.framework in Frameworks */ = {isa = PBXBuildFile; fileRef = 6D4C1CEB155908480091EFC5 /* Twitter.framework */; settings = {ATTRIBUTES = (Weak, ); }; };
		6D4D246516142977008EC51F /* Accounts.framework in Frameworks */ = {isa = PBXBuildFile; fileRef = 6D4D22FA1612CB10008EC51F /* Accounts.framework */; settings = {ATTRIBUTES = (Required, ); }; };
		6D4D246616142980008EC51F /* AdSupport.framework in Frameworks */ = {isa = PBXBuildFile; fileRef = 6D4D22FC1612CB65008EC51F /* AdSupport.framework */; settings = {ATTRIBUTES = (Weak, ); }; };
		6D4D246716142987008EC51F /* Social.framework in Frameworks */ = {isa = PBXBuildFile; fileRef = 6D1507D81609A3A4002166BE /* Social.framework */; settings = {ATTRIBUTES = (Required, ); }; };
		6D5D94DE1756E0BB00B6FD1E /* LocalyticsUtilities.m in Sources */ = {isa = PBXBuildFile; fileRef = 6D5D94DD1756E0BB00B6FD1E /* LocalyticsUtilities.m */; settings = {COMPILER_FLAGS = "-fno-objc-arc"; }; };
		6D67A5DF1534154000E0F5B5 /* UIKit.framework in Frameworks */ = {isa = PBXBuildFile; fileRef = 6D67A5DE1534154000E0F5B5 /* UIKit.framework */; };
		6D67A5E11534154000E0F5B5 /* Foundation.framework in Frameworks */ = {isa = PBXBuildFile; fileRef = 6D67A5E01534154000E0F5B5 /* Foundation.framework */; };
		6D67A5E31534154000E0F5B5 /* CoreGraphics.framework in Frameworks */ = {isa = PBXBuildFile; fileRef = 6D67A5E21534154000E0F5B5 /* CoreGraphics.framework */; };
		6D67A5E91534154100E0F5B5 /* InfoPlist.strings in Resources */ = {isa = PBXBuildFile; fileRef = 6D67A5E71534154100E0F5B5 /* InfoPlist.strings */; };
		6D67A5EB1534154100E0F5B5 /* main.m in Sources */ = {isa = PBXBuildFile; fileRef = 6D67A5EA1534154100E0F5B5 /* main.m */; settings = {COMPILER_FLAGS = "-fno-objc-arc"; }; };
		6D67A5EF1534154100E0F5B5 /* Bnei_BaruchAppDelegate.m in Sources */ = {isa = PBXBuildFile; fileRef = 6D67A5EE1534154100E0F5B5 /* Bnei_BaruchAppDelegate.m */; settings = {COMPILER_FLAGS = "-fno-objc-arc"; }; };
		6D7BFDF219CE0F6A00EEEF44 /* Images.xcassets in Resources */ = {isa = PBXBuildFile; fileRef = 6D7BFDF119CE0F6A00EEEF44 /* Images.xcassets */; };
		6D895747156E084400786046 /* Settings.bundle in Resources */ = {isa = PBXBuildFile; fileRef = 6D895746156E084400786046 /* Settings.bundle */; };
		6D8EE6F3189CA6F0006AF2C4 /* CoreTelephony.framework in Frameworks */ = {isa = PBXBuildFile; fileRef = 6D8EE6F2189CA6F0006AF2C4 /* CoreTelephony.framework */; };
		6D919CB2154A769A003B7FEE /* QuartzCore.framework in Frameworks */ = {isa = PBXBuildFile; fileRef = 6D919CB1154A769A003B7FEE /* QuartzCore.framework */; };
		6D919CB4154A76AC003B7FEE /* CFNetwork.framework in Frameworks */ = {isa = PBXBuildFile; fileRef = 6D919CB3154A76AB003B7FEE /* CFNetwork.framework */; };
		6D965E7615451EDD00B6F1E5 /* MediaPlayer.framework in Frameworks */ = {isa = PBXBuildFile; fileRef = 6D965E7315451ECC00B6F1E5 /* MediaPlayer.framework */; };
		6D96BF131564AFF9006D11D8 /* SystemConfiguration.framework in Frameworks */ = {isa = PBXBuildFile; fileRef = 6D96BF111564AFEB006D11D8 /* SystemConfiguration.framework */; };
		6D9FEA49166701E6002C8199 /* ImageIO.framework in Frameworks */ = {isa = PBXBuildFile; fileRef = 6D9FEA48166701E5002C8199 /* ImageIO.framework */; };
		6DA843C416A7C68100B09A9A /* Localizable.strings in Resources */ = {isa = PBXBuildFile; fileRef = 6DA843C616A7C68100B09A9A /* Localizable.strings */; };
		6DEBE8071582E14D00D336B5 /* Security.framework in Frameworks */ = {isa = PBXBuildFile; fileRef = 6DEBE8061582E14D00D336B5 /* Security.framework */; };
		6DEBE8091582E16100D336B5 /* MessageUI.framework in Frameworks */ = {isa = PBXBuildFile; fileRef = 6DEBE8081582E16100D336B5 /* MessageUI.framework */; };
		DC4723A8E2FB43AB6C93C9DC /* libPods-Kabbalah.a in Frameworks */ = {isa = PBXBuildFile; fileRef = 6A14D7B0173155D977533CE2 /* libPods-Kabbalah.a */; };
/* End PBXBuildFile section */

/* Begin PBXFileReference section */
		001094F71C65017000C25E9B /* BBInforBaseViewController.h */ = {isa = PBXFileReference; fileEncoding = 4; lastKnownFileType = sourcecode.c.h; path = BBInforBaseViewController.h; sourceTree = "<group>"; };
		001094F81C65017000C25E9B /* BBInforBaseViewController.m */ = {isa = PBXFileReference; fileEncoding = 4; lastKnownFileType = sourcecode.c.objc; path = BBInforBaseViewController.m; sourceTree = "<group>"; };
		00D8DC181C63ACD8008596CE /* Archive.h */ = {isa = PBXFileReference; fileEncoding = 4; lastKnownFileType = sourcecode.c.h; path = Archive.h; sourceTree = "<group>"; };
		00D8DC191C63ACD8008596CE /* Archive.m */ = {isa = PBXFileReference; fileEncoding = 4; lastKnownFileType = sourcecode.c.objc; path = Archive.m; sourceTree = "<group>"; };
		00D8DC1A1C63ACD8008596CE /* Blog.h */ = {isa = PBXFileReference; fileEncoding = 4; lastKnownFileType = sourcecode.c.h; path = Blog.h; sourceTree = "<group>"; };
		00D8DC1B1C63ACD8008596CE /* Blog.m */ = {isa = PBXFileReference; fileEncoding = 4; lastKnownFileType = sourcecode.c.objc; path = Blog.m; sourceTree = "<group>"; };
		00D8DC1C1C63ACD8008596CE /* Book.h */ = {isa = PBXFileReference; fileEncoding = 4; lastKnownFileType = sourcecode.c.h; path = Book.h; sourceTree = "<group>"; };
		00D8DC1D1C63ACD8008596CE /* Book.m */ = {isa = PBXFileReference; fileEncoding = 4; lastKnownFileType = sourcecode.c.objc; path = Book.m; sourceTree = "<group>"; };
		00D8DC211C63ACE0008596CE /* UIColor+kabIOSAdditions.h */ = {isa = PBXFileReference; fileEncoding = 4; lastKnownFileType = sourcecode.c.h; path = "UIColor+kabIOSAdditions.h"; sourceTree = "<group>"; };
		00D8DC221C63ACE0008596CE /* UIColor+kabIOSAdditions.m */ = {isa = PBXFileReference; fileEncoding = 4; lastKnownFileType = sourcecode.c.objc; path = "UIColor+kabIOSAdditions.m"; sourceTree = "<group>"; };
		00D8DC231C63ACE0008596CE /* UIButton+kabiOSAdditions.h */ = {isa = PBXFileReference; fileEncoding = 4; lastKnownFileType = sourcecode.c.h; path = "UIButton+kabiOSAdditions.h"; sourceTree = "<group>"; };
		00D8DC241C63ACE0008596CE /* UIButton+kabiOSAdditions.m */ = {isa = PBXFileReference; fileEncoding = 4; lastKnownFileType = sourcecode.c.objc; path = "UIButton+kabiOSAdditions.m"; sourceTree = "<group>"; };
		00D8DC251C63ACE0008596CE /* UIFont+kabiOSAdditions.h */ = {isa = PBXFileReference; fileEncoding = 4; lastKnownFileType = sourcecode.c.h; path = "UIFont+kabiOSAdditions.h"; sourceTree = "<group>"; };
		00D8DC261C63ACE0008596CE /* UIFont+kabiOSAdditions.m */ = {isa = PBXFileReference; fileEncoding = 4; lastKnownFileType = sourcecode.c.objc; path = "UIFont+kabiOSAdditions.m"; sourceTree = "<group>"; };
		00D8DC2A1C63ACEE008596CE /* FeedAPI.h */ = {isa = PBXFileReference; fileEncoding = 4; lastKnownFileType = sourcecode.c.h; path = FeedAPI.h; sourceTree = "<group>"; };
		00D8DC2B1C63ACEE008596CE /* FeedAPI.m */ = {isa = PBXFileReference; fileEncoding = 4; lastKnownFileType = sourcecode.c.objc; path = FeedAPI.m; sourceTree = "<group>"; };
		00D8DC2C1C63ACEE008596CE /* FeedModel.h */ = {isa = PBXFileReference; fileEncoding = 4; lastKnownFileType = sourcecode.c.h; path = FeedModel.h; sourceTree = "<group>"; };
		00D8DC2D1C63ACEE008596CE /* FeedModel.m */ = {isa = PBXFileReference; fileEncoding = 4; lastKnownFileType = sourcecode.c.objc; path = FeedModel.m; sourceTree = "<group>"; };
		00D8DC321C63AD1B008596CE /* GMHUDWindow.h */ = {isa = PBXFileReference; fileEncoding = 4; lastKnownFileType = sourcecode.c.h; path = GMHUDWindow.h; sourceTree = "<group>"; };
		00D8DC331C63AD1B008596CE /* GMHUDWindow.m */ = {isa = PBXFileReference; fileEncoding = 4; lastKnownFileType = sourcecode.c.objc; path = GMHUDWindow.m; sourceTree = "<group>"; };
		00D8DC341C63AD1B008596CE /* GMHUDWindowViewController.h */ = {isa = PBXFileReference; fileEncoding = 4; lastKnownFileType = sourcecode.c.h; path = GMHUDWindowViewController.h; sourceTree = "<group>"; };
		00D8DC351C63AD1B008596CE /* GMHUDWindowViewController.m */ = {isa = PBXFileReference; fileEncoding = 4; lastKnownFileType = sourcecode.c.objc; path = GMHUDWindowViewController.m; sourceTree = "<group>"; };
		00D8DC381C63AD22008596CE /* GMHudView.h */ = {isa = PBXFileReference; fileEncoding = 4; lastKnownFileType = sourcecode.c.h; path = GMHudView.h; sourceTree = "<group>"; };
		00D8DC391C63AD22008596CE /* GMHudView.m */ = {isa = PBXFileReference; fileEncoding = 4; lastKnownFileType = sourcecode.c.objc; path = GMHudView.m; sourceTree = "<group>"; };
		00D8DC3C1C63AD39008596CE /* GMDPTR.h */ = {isa = PBXFileReference; fileEncoding = 4; lastKnownFileType = sourcecode.c.h; path = GMDPTR.h; sourceTree = "<group>"; };
		00D8DC3D1C63AD39008596CE /* GMDPTRDefault.h */ = {isa = PBXFileReference; fileEncoding = 4; lastKnownFileType = sourcecode.c.h; path = GMDPTRDefault.h; sourceTree = "<group>"; };
		00D8DC3E1C63AD39008596CE /* GMDPTRDefault.m */ = {isa = PBXFileReference; fileEncoding = 4; lastKnownFileType = sourcecode.c.objc; path = GMDPTRDefault.m; sourceTree = "<group>"; };
		00D8DC3F1C63AD39008596CE /* GMDPTRSimple.h */ = {isa = PBXFileReference; fileEncoding = 4; lastKnownFileType = sourcecode.c.h; path = GMDPTRSimple.h; sourceTree = "<group>"; };
		00D8DC401C63AD39008596CE /* GMDPTRSimple.m */ = {isa = PBXFileReference; fileEncoding = 4; lastKnownFileType = sourcecode.c.objc; path = GMDPTRSimple.m; sourceTree = "<group>"; };
		00D8DC411C63AD39008596CE /* GMDPTRView.h */ = {isa = PBXFileReference; fileEncoding = 4; lastKnownFileType = sourcecode.c.h; path = GMDPTRView.h; sourceTree = "<group>"; };
		00D8DC421C63AD39008596CE /* GMDPTRView.m */ = {isa = PBXFileReference; fileEncoding = 4; lastKnownFileType = sourcecode.c.objc; path = GMDPTRView.m; sourceTree = "<group>"; };
		00D8DC461C63AD7D008596CE /* GMWebView.h */ = {isa = PBXFileReference; fileEncoding = 4; lastKnownFileType = sourcecode.c.h; path = GMWebView.h; sourceTree = "<group>"; };
		00D8DC471C63AD7D008596CE /* GMWebView.m */ = {isa = PBXFileReference; fileEncoding = 4; lastKnownFileType = sourcecode.c.objc; path = GMWebView.m; sourceTree = "<group>"; };
		00D8DC491C63AD8C008596CE /* style.css */ = {isa = PBXFileReference; fileEncoding = 4; lastKnownFileType = text.css; path = style.css; sourceTree = "<group>"; };
		00D8DC4D1C63ADD0008596CE /* MediaCollectionViewController.h */ = {isa = PBXFileReference; fileEncoding = 4; lastKnownFileType = sourcecode.c.h; path = MediaCollectionViewController.h; sourceTree = "<group>"; };
		00D8DC4E1C63ADD0008596CE /* MediaCollectionViewController.m */ = {isa = PBXFileReference; fileEncoding = 4; lastKnownFileType = sourcecode.c.objc; path = MediaCollectionViewController.m; sourceTree = "<group>"; };
		00D8DC4F1C63ADD0008596CE /* ArchiveViewController.h */ = {isa = PBXFileReference; fileEncoding = 4; lastKnownFileType = sourcecode.c.h; path = ArchiveViewController.h; sourceTree = "<group>"; };
		00D8DC501C63ADD0008596CE /* ArchiveViewController.m */ = {isa = PBXFileReference; fileEncoding = 4; lastKnownFileType = sourcecode.c.objc; path = ArchiveViewController.m; sourceTree = "<group>"; };
		00D8DC511C63ADD0008596CE /* GMDWebViewController.h */ = {isa = PBXFileReference; fileEncoding = 4; lastKnownFileType = sourcecode.c.h; path = GMDWebViewController.h; sourceTree = "<group>"; };
		00D8DC521C63ADD0008596CE /* GMDWebViewController.m */ = {isa = PBXFileReference; fileEncoding = 4; lastKnownFileType = sourcecode.c.objc; path = GMDWebViewController.m; sourceTree = "<group>"; };
		00D8DC531C63ADD0008596CE /* BookStoreViewController.h */ = {isa = PBXFileReference; fileEncoding = 4; lastKnownFileType = sourcecode.c.h; path = BookStoreViewController.h; sourceTree = "<group>"; };
		00D8DC541C63ADD0008596CE /* BookStoreViewController.m */ = {isa = PBXFileReference; fileEncoding = 4; lastKnownFileType = sourcecode.c.objc; path = BookStoreViewController.m; sourceTree = "<group>"; };
		00D8DC551C63ADD0008596CE /* BookStoreDetailViewController.h */ = {isa = PBXFileReference; fileEncoding = 4; lastKnownFileType = sourcecode.c.h; path = BookStoreDetailViewController.h; sourceTree = "<group>"; };
		00D8DC561C63ADD0008596CE /* BookStoreDetailViewController.m */ = {isa = PBXFileReference; fileEncoding = 4; lastKnownFileType = sourcecode.c.objc; path = BookStoreDetailViewController.m; sourceTree = "<group>"; };
		00D8DC571C63ADD0008596CE /* SelfStudyViewController.h */ = {isa = PBXFileReference; fileEncoding = 4; lastKnownFileType = sourcecode.c.h; path = SelfStudyViewController.h; sourceTree = "<group>"; };
		00D8DC581C63ADD0008596CE /* SelfStudyViewController.m */ = {isa = PBXFileReference; fileEncoding = 4; lastKnownFileType = sourcecode.c.objc; path = SelfStudyViewController.m; sourceTree = "<group>"; };
		00D8DC601C63ADE2008596CE /* KabTvViewController.h */ = {isa = PBXFileReference; fileEncoding = 4; lastKnownFileType = sourcecode.c.h; path = KabTvViewController.h; sourceTree = "<group>"; };
		00D8DC611C63ADE2008596CE /* KabTvViewController.m */ = {isa = PBXFileReference; fileEncoding = 4; lastKnownFileType = sourcecode.c.objc; path = KabTvViewController.m; sourceTree = "<group>"; };
		00D8DC641C63ADF2008596CE /* BlogViewController.h */ = {isa = PBXFileReference; fileEncoding = 4; lastKnownFileType = sourcecode.c.h; path = BlogViewController.h; sourceTree = "<group>"; };
		00D8DC651C63ADF2008596CE /* BlogViewController.m */ = {isa = PBXFileReference; fileEncoding = 4; lastKnownFileType = sourcecode.c.objc; path = BlogViewController.m; sourceTree = "<group>"; };
		00D8DC661C63ADF2008596CE /* BlogDetailViewController.h */ = {isa = PBXFileReference; fileEncoding = 4; lastKnownFileType = sourcecode.c.h; path = BlogDetailViewController.h; sourceTree = "<group>"; };
		00D8DC671C63ADF2008596CE /* BlogDetailViewController.m */ = {isa = PBXFileReference; fileEncoding = 4; lastKnownFileType = sourcecode.c.objc; path = BlogDetailViewController.m; sourceTree = "<group>"; };
		00D8DC6B1C63AE01008596CE /* KabbalahViewController.h */ = {isa = PBXFileReference; fileEncoding = 4; lastKnownFileType = sourcecode.c.h; path = KabbalahViewController.h; sourceTree = "<group>"; };
		00D8DC6C1C63AE01008596CE /* KabbalahViewController.m */ = {isa = PBXFileReference; fileEncoding = 4; lastKnownFileType = sourcecode.c.objc; path = KabbalahViewController.m; sourceTree = "<group>"; };
		00D8DC6D1C63AE01008596CE /* KabbalahDetailViewController.h */ = {isa = PBXFileReference; fileEncoding = 4; lastKnownFileType = sourcecode.c.h; path = KabbalahDetailViewController.h; sourceTree = "<group>"; };
		00D8DC6E1C63AE01008596CE /* KabbalahDetailViewController.m */ = {isa = PBXFileReference; fileEncoding = 4; lastKnownFileType = sourcecode.c.objc; path = KabbalahDetailViewController.m; sourceTree = "<group>"; };
		00D8DC6F1C63AE01008596CE /* KabbalahTVDetailViewController.h */ = {isa = PBXFileReference; fileEncoding = 4; lastKnownFileType = sourcecode.c.h; path = KabbalahTVDetailViewController.h; sourceTree = "<group>"; };
		00D8DC701C63AE01008596CE /* KabbalahTVDetailViewController.m */ = {isa = PBXFileReference; fileEncoding = 4; lastKnownFileType = sourcecode.c.objc; path = KabbalahTVDetailViewController.m; sourceTree = "<group>"; };
		00D8DC751C63AEEF008596CE /* CustomCell.h */ = {isa = PBXFileReference; fileEncoding = 4; lastKnownFileType = sourcecode.c.h; path = CustomCell.h; sourceTree = "<group>"; };
		00D8DC761C63AEEF008596CE /* CustomCell.m */ = {isa = PBXFileReference; fileEncoding = 4; lastKnownFileType = sourcecode.c.objc; path = CustomCell.m; sourceTree = "<group>"; };
		00D8DC771C63AEEF008596CE /* BlogCell.h */ = {isa = PBXFileReference; fileEncoding = 4; lastKnownFileType = sourcecode.c.h; path = BlogCell.h; sourceTree = "<group>"; };
		00D8DC781C63AEEF008596CE /* BlogCell.m */ = {isa = PBXFileReference; fileEncoding = 4; lastKnownFileType = sourcecode.c.objc; path = BlogCell.m; sourceTree = "<group>"; };
		00D8DC791C63AEEF008596CE /* BookCell.h */ = {isa = PBXFileReference; fileEncoding = 4; lastKnownFileType = sourcecode.c.h; path = BookCell.h; sourceTree = "<group>"; };
		00D8DC7A1C63AEEF008596CE /* BookCell.m */ = {isa = PBXFileReference; fileEncoding = 4; lastKnownFileType = sourcecode.c.objc; path = BookCell.m; sourceTree = "<group>"; };
		00D8DC7B1C63AEEF008596CE /* BBEmptyDataSetSource.h */ = {isa = PBXFileReference; fileEncoding = 4; lastKnownFileType = sourcecode.c.h; path = BBEmptyDataSetSource.h; sourceTree = "<group>"; };
		00D8DC7C1C63AEEF008596CE /* BBEmptyDataSetSource.m */ = {isa = PBXFileReference; fileEncoding = 4; lastKnownFileType = sourcecode.c.objc; path = BBEmptyDataSetSource.m; sourceTree = "<group>"; };
		00D8DC7D1C63AEEF008596CE /* BBLoadingErrorEmptyDataSetSource.h */ = {isa = PBXFileReference; fileEncoding = 4; lastKnownFileType = sourcecode.c.h; path = BBLoadingErrorEmptyDataSetSource.h; sourceTree = "<group>"; };
		00D8DC7E1C63AEEF008596CE /* BBLoadingErrorEmptyDataSetSource.m */ = {isa = PBXFileReference; fileEncoding = 4; lastKnownFileType = sourcecode.c.objc; path = BBLoadingErrorEmptyDataSetSource.m; sourceTree = "<group>"; };
		00D8DC841C63AF5C008596CE /* LoginViewController.h */ = {isa = PBXFileReference; fileEncoding = 4; lastKnownFileType = sourcecode.c.h; path = LoginViewController.h; sourceTree = "<group>"; };
		00D8DC851C63AF5C008596CE /* LoginViewController.m */ = {isa = PBXFileReference; fileEncoding = 4; lastKnownFileType = sourcecode.c.objc; path = LoginViewController.m; sourceTree = "<group>"; };
		00D8DC881C63BD9B008596CE /* Launch Screen.storyboard */ = {isa = PBXFileReference; fileEncoding = 4; lastKnownFileType = file.storyboard; path = "Launch Screen.storyboard"; sourceTree = "<group>"; };
		3C81F9FB33D113E8F78BC4AD /* Pods-Kabbalah.ad-hoc.xcconfig */ = {isa = PBXFileReference; includeInIndex = 1; lastKnownFileType = text.xcconfig; name = "Pods-Kabbalah.ad-hoc.xcconfig"; path = "Pods/Target Support Files/Pods-Kabbalah/Pods-Kabbalah.ad-hoc.xcconfig"; sourceTree = "<group>"; };
		6A14D7B0173155D977533CE2 /* libPods-Kabbalah.a */ = {isa = PBXFileReference; explicitFileType = archive.ar; includeInIndex = 0; path = "libPods-Kabbalah.a"; sourceTree = BUILT_PRODUCTS_DIR; };
		6D1507D81609A3A4002166BE /* Social.framework */ = {isa = PBXFileReference; lastKnownFileType = wrapper.framework; name = Social.framework; path = System/Library/Frameworks/Social.framework; sourceTree = SDKROOT; };
		6D17287116856EBE00C46DB4 /* MobileCoreServices.framework */ = {isa = PBXFileReference; lastKnownFileType = wrapper.framework; name = MobileCoreServices.framework; path = System/Library/Frameworks/MobileCoreServices.framework; sourceTree = SDKROOT; };
		6D1728741685805500C46DB4 /* CDataChunk.h */ = {isa = PBXFileReference; fileEncoding = 4; lastKnownFileType = sourcecode.c.h; path = CDataChunk.h; sourceTree = "<group>"; };
		6D1728751685805500C46DB4 /* CDataChunk.m */ = {isa = PBXFileReference; fileEncoding = 4; lastKnownFileType = sourcecode.c.objc; path = CDataChunk.m; sourceTree = "<group>"; };
		6D1728761685805500C46DB4 /* Chunk.h */ = {isa = PBXFileReference; fileEncoding = 4; lastKnownFileType = sourcecode.c.h; path = Chunk.h; sourceTree = "<group>"; };
		6D1728771685805500C46DB4 /* Chunk.m */ = {isa = PBXFileReference; fileEncoding = 4; lastKnownFileType = sourcecode.c.objc; path = Chunk.m; sourceTree = "<group>"; };
		6D1728781685805500C46DB4 /* CommentChunk.h */ = {isa = PBXFileReference; fileEncoding = 4; lastKnownFileType = sourcecode.c.h; path = CommentChunk.h; sourceTree = "<group>"; };
		6D1728791685805500C46DB4 /* CommentChunk.m */ = {isa = PBXFileReference; fileEncoding = 4; lastKnownFileType = sourcecode.c.objc; path = CommentChunk.m; sourceTree = "<group>"; };
		6D17287A1685805500C46DB4 /* CSSPartMatcher.h */ = {isa = PBXFileReference; fileEncoding = 4; lastKnownFileType = sourcecode.c.h; path = CSSPartMatcher.h; sourceTree = "<group>"; };
		6D17287B1685805500C46DB4 /* CSSPartMatcher.m */ = {isa = PBXFileReference; fileEncoding = 4; lastKnownFileType = sourcecode.c.objc; path = CSSPartMatcher.m; sourceTree = "<group>"; };
		6D17287C1685805500C46DB4 /* CSSSelector.h */ = {isa = PBXFileReference; fileEncoding = 4; lastKnownFileType = sourcecode.c.h; path = CSSSelector.h; sourceTree = "<group>"; };
		6D17287D1685805500C46DB4 /* CSSSelector.m */ = {isa = PBXFileReference; fileEncoding = 4; lastKnownFileType = sourcecode.c.objc; path = CSSSelector.m; sourceTree = "<group>"; };
		6D17287E1685805500C46DB4 /* CSSSelectorMatcher.h */ = {isa = PBXFileReference; fileEncoding = 4; lastKnownFileType = sourcecode.c.h; path = CSSSelectorMatcher.h; sourceTree = "<group>"; };
		6D17287F1685805500C46DB4 /* CSSSelectorMatcher.m */ = {isa = PBXFileReference; fileEncoding = 4; lastKnownFileType = sourcecode.c.objc; path = CSSSelectorMatcher.m; sourceTree = "<group>"; };
		6D1728801685805500C46DB4 /* CSSSelectorPart.h */ = {isa = PBXFileReference; fileEncoding = 4; lastKnownFileType = sourcecode.c.h; path = CSSSelectorPart.h; sourceTree = "<group>"; };
		6D1728811685805500C46DB4 /* CSSSelectorPart.m */ = {isa = PBXFileReference; fileEncoding = 4; lastKnownFileType = sourcecode.c.objc; path = CSSSelectorPart.m; sourceTree = "<group>"; };
		6D1728821685805500C46DB4 /* DoctypeChunk.h */ = {isa = PBXFileReference; fileEncoding = 4; lastKnownFileType = sourcecode.c.h; path = DoctypeChunk.h; sourceTree = "<group>"; };
		6D1728831685805500C46DB4 /* DoctypeChunk.m */ = {isa = PBXFileReference; fileEncoding = 4; lastKnownFileType = sourcecode.c.objc; path = DoctypeChunk.m; sourceTree = "<group>"; };
		6D1728841685805500C46DB4 /* DocumentRoot.h */ = {isa = PBXFileReference; fileEncoding = 4; lastKnownFileType = sourcecode.c.h; path = DocumentRoot.h; sourceTree = "<group>"; };
		6D1728851685805500C46DB4 /* DocumentRoot.m */ = {isa = PBXFileReference; fileEncoding = 4; lastKnownFileType = sourcecode.c.objc; path = DocumentRoot.m; sourceTree = "<group>"; };
		6D1728861685805500C46DB4 /* Element.h */ = {isa = PBXFileReference; fileEncoding = 4; lastKnownFileType = sourcecode.c.h; path = Element.h; sourceTree = "<group>"; };
		6D1728871685805500C46DB4 /* Element.m */ = {isa = PBXFileReference; fileEncoding = 4; lastKnownFileType = sourcecode.c.objc; path = Element.m; sourceTree = "<group>"; };
		6D1728881685805500C46DB4 /* ElementParser.h */ = {isa = PBXFileReference; fileEncoding = 4; lastKnownFileType = sourcecode.c.h; path = ElementParser.h; sourceTree = "<group>"; };
		6D1728891685805500C46DB4 /* ElementParser.m */ = {isa = PBXFileReference; fileEncoding = 4; lastKnownFileType = sourcecode.c.objc; path = ElementParser.m; sourceTree = "<group>"; };
		6D17288A1685805500C46DB4 /* EntityChunk.h */ = {isa = PBXFileReference; fileEncoding = 4; lastKnownFileType = sourcecode.c.h; path = EntityChunk.h; sourceTree = "<group>"; };
		6D17288B1685805500C46DB4 /* EntityChunk.m */ = {isa = PBXFileReference; fileEncoding = 4; lastKnownFileType = sourcecode.c.objc; path = EntityChunk.m; sourceTree = "<group>"; };
		6D17288C1685805500C46DB4 /* NSString_HTML.h */ = {isa = PBXFileReference; fileEncoding = 4; lastKnownFileType = sourcecode.c.h; path = NSString_HTML.h; sourceTree = "<group>"; };
		6D17288D1685805500C46DB4 /* NSString_HTML.m */ = {isa = PBXFileReference; fileEncoding = 4; lastKnownFileType = sourcecode.c.objc; path = NSString_HTML.m; sourceTree = "<group>"; };
		6D17288E1685805500C46DB4 /* ProcessingInstructionChunk.h */ = {isa = PBXFileReference; fileEncoding = 4; lastKnownFileType = sourcecode.c.h; path = ProcessingInstructionChunk.h; sourceTree = "<group>"; };
		6D17288F1685805500C46DB4 /* ProcessingInstructionChunk.m */ = {isa = PBXFileReference; fileEncoding = 4; lastKnownFileType = sourcecode.c.objc; path = ProcessingInstructionChunk.m; sourceTree = "<group>"; };
		6D1728901685805500C46DB4 /* TagChunk.h */ = {isa = PBXFileReference; fileEncoding = 4; lastKnownFileType = sourcecode.c.h; path = TagChunk.h; sourceTree = "<group>"; };
		6D1728911685805500C46DB4 /* TagChunk.m */ = {isa = PBXFileReference; fileEncoding = 4; lastKnownFileType = sourcecode.c.objc; path = TagChunk.m; sourceTree = "<group>"; };
		6D1728921685805500C46DB4 /* TxtChunk.h */ = {isa = PBXFileReference; fileEncoding = 4; lastKnownFileType = sourcecode.c.h; path = TxtChunk.h; sourceTree = "<group>"; };
		6D1728931685805500C46DB4 /* TxtChunk.m */ = {isa = PBXFileReference; fileEncoding = 4; lastKnownFileType = sourcecode.c.objc; path = TxtChunk.m; sourceTree = "<group>"; };
		6D1728941685805500C46DB4 /* URLParser.h */ = {isa = PBXFileReference; fileEncoding = 4; lastKnownFileType = sourcecode.c.h; path = URLParser.h; sourceTree = "<group>"; };
		6D1728951685805500C46DB4 /* URLParser.m */ = {isa = PBXFileReference; fileEncoding = 4; lastKnownFileType = sourcecode.c.objc; path = URLParser.m; sourceTree = "<group>"; };
		6D192B7615CF890A008F06DB /* About.h */ = {isa = PBXFileReference; fileEncoding = 4; lastKnownFileType = sourcecode.c.h; path = About.h; sourceTree = "<group>"; };
		6D192B7715CF890B008F06DB /* About.m */ = {isa = PBXFileReference; fileEncoding = 4; lastKnownFileType = sourcecode.c.objc; path = About.m; sourceTree = "<group>"; };
		6D192B8015CF93AB008F06DB /* Privacy.h */ = {isa = PBXFileReference; fileEncoding = 4; lastKnownFileType = sourcecode.c.h; path = Privacy.h; sourceTree = "<group>"; };
		6D192B8115CF93AB008F06DB /* Privacy.m */ = {isa = PBXFileReference; fileEncoding = 4; lastKnownFileType = sourcecode.c.objc; path = Privacy.m; sourceTree = "<group>"; };
		6D192B8315D0A41B008F06DB /* Terms.h */ = {isa = PBXFileReference; fileEncoding = 4; lastKnownFileType = sourcecode.c.h; path = Terms.h; sourceTree = "<group>"; };
		6D192B8415D0A41B008F06DB /* Terms.m */ = {isa = PBXFileReference; fileEncoding = 4; lastKnownFileType = sourcecode.c.objc; path = Terms.m; sourceTree = "<group>"; };
		6D192B8815D0AB36008F06DB /* Libraries.h */ = {isa = PBXFileReference; fileEncoding = 4; lastKnownFileType = sourcecode.c.h; path = Libraries.h; sourceTree = "<group>"; };
		6D192B8915D0AB36008F06DB /* Libraries.m */ = {isa = PBXFileReference; fileEncoding = 4; lastKnownFileType = sourcecode.c.objc; path = Libraries.m; sourceTree = "<group>"; };
		6D1CA0EF172BA34300A2C4D1 /* Kabbalah.entitlements */ = {isa = PBXFileReference; lastKnownFileType = text.xml; path = Kabbalah.entitlements; sourceTree = "<group>"; };
		6D47051D16E594F00018F6D6 /* AudioToolbox.framework */ = {isa = PBXFileReference; lastKnownFileType = wrapper.framework; name = AudioToolbox.framework; path = System/Library/Frameworks/AudioToolbox.framework; sourceTree = SDKROOT; };
		6D47051F16E595120018F6D6 /* CoreLocation.framework */ = {isa = PBXFileReference; lastKnownFileType = wrapper.framework; name = CoreLocation.framework; path = System/Library/Frameworks/CoreLocation.framework; sourceTree = SDKROOT; };
		6D4C1CEB155908480091EFC5 /* Twitter.framework */ = {isa = PBXFileReference; lastKnownFileType = wrapper.framework; name = Twitter.framework; path = System/Library/Frameworks/Twitter.framework; sourceTree = SDKROOT; };
		6D4D22FA1612CB10008EC51F /* Accounts.framework */ = {isa = PBXFileReference; lastKnownFileType = wrapper.framework; name = Accounts.framework; path = System/Library/Frameworks/Accounts.framework; sourceTree = SDKROOT; };
		6D4D22FC1612CB65008EC51F /* AdSupport.framework */ = {isa = PBXFileReference; lastKnownFileType = wrapper.framework; name = AdSupport.framework; path = System/Library/Frameworks/AdSupport.framework; sourceTree = SDKROOT; };
		6D5D94DC1756E0BB00B6FD1E /* LocalyticsUtilities.h */ = {isa = PBXFileReference; fileEncoding = 4; lastKnownFileType = sourcecode.c.h; path = LocalyticsUtilities.h; sourceTree = "<group>"; };
		6D5D94DD1756E0BB00B6FD1E /* LocalyticsUtilities.m */ = {isa = PBXFileReference; fileEncoding = 4; lastKnownFileType = sourcecode.c.objc; path = LocalyticsUtilities.m; sourceTree = "<group>"; };
		6D67A5DA1534154000E0F5B5 /* Kabbalah.app */ = {isa = PBXFileReference; explicitFileType = wrapper.application; includeInIndex = 0; path = Kabbalah.app; sourceTree = BUILT_PRODUCTS_DIR; };
		6D67A5DE1534154000E0F5B5 /* UIKit.framework */ = {isa = PBXFileReference; lastKnownFileType = wrapper.framework; name = UIKit.framework; path = System/Library/Frameworks/UIKit.framework; sourceTree = SDKROOT; };
		6D67A5E01534154000E0F5B5 /* Foundation.framework */ = {isa = PBXFileReference; lastKnownFileType = wrapper.framework; name = Foundation.framework; path = System/Library/Frameworks/Foundation.framework; sourceTree = SDKROOT; };
		6D67A5E21534154000E0F5B5 /* CoreGraphics.framework */ = {isa = PBXFileReference; lastKnownFileType = wrapper.framework; name = CoreGraphics.framework; path = System/Library/Frameworks/CoreGraphics.framework; sourceTree = SDKROOT; };
		6D67A5E61534154100E0F5B5 /* Kabbalah-Info.plist */ = {isa = PBXFileReference; lastKnownFileType = text.plist.xml; path = "Kabbalah-Info.plist"; sourceTree = "<group>"; };
		6D67A5E81534154100E0F5B5 /* en */ = {isa = PBXFileReference; lastKnownFileType = text.plist.strings; name = en; path = en.lproj/InfoPlist.strings; sourceTree = "<group>"; };
		6D67A5EA1534154100E0F5B5 /* main.m */ = {isa = PBXFileReference; lastKnownFileType = sourcecode.c.objc; path = main.m; sourceTree = "<group>"; };
		6D67A5EC1534154100E0F5B5 /* Kabbalah-Prefix.pch */ = {isa = PBXFileReference; lastKnownFileType = sourcecode.c.h; path = "Kabbalah-Prefix.pch"; sourceTree = "<group>"; };
		6D67A5ED1534154100E0F5B5 /* Bnei_BaruchAppDelegate.h */ = {isa = PBXFileReference; lastKnownFileType = sourcecode.c.h; path = Bnei_BaruchAppDelegate.h; sourceTree = "<group>"; };
		6D67A5EE1534154100E0F5B5 /* Bnei_BaruchAppDelegate.m */ = {isa = PBXFileReference; lastKnownFileType = sourcecode.c.objc; path = Bnei_BaruchAppDelegate.m; sourceTree = "<group>"; };
		6D75FBEF16A679E90014695F /* es */ = {isa = PBXFileReference; lastKnownFileType = text.plist.strings; name = es; path = es.lproj/InfoPlist.strings; sourceTree = "<group>"; };
		6D7BFDF119CE0F6A00EEEF44 /* Images.xcassets */ = {isa = PBXFileReference; lastKnownFileType = folder.assetcatalog; name = Images.xcassets; path = Kabbalah/Images.xcassets; sourceTree = SOURCE_ROOT; };
		6D895746156E084400786046 /* Settings.bundle */ = {isa = PBXFileReference; lastKnownFileType = "wrapper.plug-in"; name = Settings.bundle; path = ../Settings.bundle; sourceTree = "<group>"; };
		6D8EE6F2189CA6F0006AF2C4 /* CoreTelephony.framework */ = {isa = PBXFileReference; lastKnownFileType = wrapper.framework; name = CoreTelephony.framework; path = System/Library/Frameworks/CoreTelephony.framework; sourceTree = SDKROOT; };
		6D919CB1154A769A003B7FEE /* QuartzCore.framework */ = {isa = PBXFileReference; lastKnownFileType = wrapper.framework; name = QuartzCore.framework; path = System/Library/Frameworks/QuartzCore.framework; sourceTree = SDKROOT; };
		6D919CB3154A76AB003B7FEE /* CFNetwork.framework */ = {isa = PBXFileReference; lastKnownFileType = wrapper.framework; name = CFNetwork.framework; path = System/Library/Frameworks/CFNetwork.framework; sourceTree = SDKROOT; };
		6D965E7315451ECC00B6F1E5 /* MediaPlayer.framework */ = {isa = PBXFileReference; lastKnownFileType = wrapper.framework; name = MediaPlayer.framework; path = System/Library/Frameworks/MediaPlayer.framework; sourceTree = SDKROOT; };
		6D96BF111564AFEB006D11D8 /* SystemConfiguration.framework */ = {isa = PBXFileReference; lastKnownFileType = wrapper.framework; name = SystemConfiguration.framework; path = System/Library/Frameworks/SystemConfiguration.framework; sourceTree = SDKROOT; };
		6D9FEA48166701E5002C8199 /* ImageIO.framework */ = {isa = PBXFileReference; lastKnownFileType = wrapper.framework; name = ImageIO.framework; path = System/Library/Frameworks/ImageIO.framework; sourceTree = SDKROOT; };
		6DA843C516A7C68100B09A9A /* en */ = {isa = PBXFileReference; lastKnownFileType = text.plist.strings; name = en; path = en.lproj/Localizable.strings; sourceTree = "<group>"; };
		6DA843C716A7C68600B09A9A /* es */ = {isa = PBXFileReference; lastKnownFileType = text.plist.strings; name = es; path = es.lproj/Localizable.strings; sourceTree = "<group>"; };
		6DEBE8061582E14D00D336B5 /* Security.framework */ = {isa = PBXFileReference; lastKnownFileType = wrapper.framework; name = Security.framework; path = System/Library/Frameworks/Security.framework; sourceTree = SDKROOT; };
		6DEBE8081582E16100D336B5 /* MessageUI.framework */ = {isa = PBXFileReference; lastKnownFileType = wrapper.framework; name = MessageUI.framework; path = System/Library/Frameworks/MessageUI.framework; sourceTree = SDKROOT; };
		9D7BD63005AAAA9A1F0E0D30 /* Pods-Kabbalah.debug.xcconfig */ = {isa = PBXFileReference; includeInIndex = 1; lastKnownFileType = text.xcconfig; name = "Pods-Kabbalah.debug.xcconfig"; path = "Pods/Target Support Files/Pods-Kabbalah/Pods-Kabbalah.debug.xcconfig"; sourceTree = "<group>"; };
		BC8AEEBD7214685DABC82E52 /* Pods-Kabbalah.release.xcconfig */ = {isa = PBXFileReference; includeInIndex = 1; lastKnownFileType = text.xcconfig; name = "Pods-Kabbalah.release.xcconfig"; path = "Pods/Target Support Files/Pods-Kabbalah/Pods-Kabbalah.release.xcconfig"; sourceTree = "<group>"; };
/* End PBXFileReference section */

/* Begin PBXFrameworksBuildPhase section */
		6D67A5D71534154000E0F5B5 /* Frameworks */ = {
			isa = PBXFrameworksBuildPhase;
			buildActionMask = 2147483647;
			files = (
				6D8EE6F3189CA6F0006AF2C4 /* CoreTelephony.framework in Frameworks */,
				6D47052516E595700018F6D6 /* AudioToolbox.framework in Frameworks */,
				6D47052416E595670018F6D6 /* CoreLocation.framework in Frameworks */,
				6D17287216856EBE00C46DB4 /* MobileCoreServices.framework in Frameworks */,
				6D9FEA49166701E6002C8199 /* ImageIO.framework in Frameworks */,
				6D4D246716142987008EC51F /* Social.framework in Frameworks */,
				6D4D246616142980008EC51F /* AdSupport.framework in Frameworks */,
				6D4D246516142977008EC51F /* Accounts.framework in Frameworks */,
				6DEBE8091582E16100D336B5 /* MessageUI.framework in Frameworks */,
				6D919CB4154A76AC003B7FEE /* CFNetwork.framework in Frameworks */,
				6DEBE8071582E14D00D336B5 /* Security.framework in Frameworks */,
				6D96BF131564AFF9006D11D8 /* SystemConfiguration.framework in Frameworks */,
				6D4C1CED155908540091EFC5 /* Twitter.framework in Frameworks */,
				6D919CB2154A769A003B7FEE /* QuartzCore.framework in Frameworks */,
				6D965E7615451EDD00B6F1E5 /* MediaPlayer.framework in Frameworks */,
				6D67A5DF1534154000E0F5B5 /* UIKit.framework in Frameworks */,
				6D67A5E11534154000E0F5B5 /* Foundation.framework in Frameworks */,
				6D67A5E31534154000E0F5B5 /* CoreGraphics.framework in Frameworks */,
				DC4723A8E2FB43AB6C93C9DC /* libPods-Kabbalah.a in Frameworks */,
			);
			runOnlyForDeploymentPostprocessing = 0;
		};
/* End PBXFrameworksBuildPhase section */

/* Begin PBXGroup section */
		00D8DC151C63ACAD008596CE /* Classes */ = {
			isa = PBXGroup;
			children = (
				00D8DC841C63AF5C008596CE /* LoginViewController.h */,
				00D8DC851C63AF5C008596CE /* LoginViewController.m */,
				00D8DC6A1C63ADF8008596CE /* Channel */,
				00D8DC631C63ADE9008596CE /* Blog */,
				00D8DC5F1C63ADD4008596CE /* KabTV */,
				00D8DC4C1C63ADC7008596CE /* Media */,
				6DB1C821153E9ACF00CC80D0 /* Settings */,
				6D67A5ED1534154100E0F5B5 /* Bnei_BaruchAppDelegate.h */,
				6D67A5EE1534154100E0F5B5 /* Bnei_BaruchAppDelegate.m */,
			);
			name = Classes;
			sourceTree = "<group>";
		};
		00D8DC161C63ACC8008596CE /* Model */ = {
			isa = PBXGroup;
			children = (
				00D8DC181C63ACD8008596CE /* Archive.h */,
				00D8DC191C63ACD8008596CE /* Archive.m */,
				00D8DC1A1C63ACD8008596CE /* Blog.h */,
				00D8DC1B1C63ACD8008596CE /* Blog.m */,
				00D8DC1C1C63ACD8008596CE /* Book.h */,
				00D8DC1D1C63ACD8008596CE /* Book.m */,
			);
			name = Model;
			sourceTree = "<group>";
		};
		00D8DC171C63ACCC008596CE /* Categories */ = {
			isa = PBXGroup;
			children = (
				00D8DC211C63ACE0008596CE /* UIColor+kabIOSAdditions.h */,
				00D8DC221C63ACE0008596CE /* UIColor+kabIOSAdditions.m */,
				00D8DC231C63ACE0008596CE /* UIButton+kabiOSAdditions.h */,
				00D8DC241C63ACE0008596CE /* UIButton+kabiOSAdditions.m */,
				00D8DC251C63ACE0008596CE /* UIFont+kabiOSAdditions.h */,
				00D8DC261C63ACE0008596CE /* UIFont+kabiOSAdditions.m */,
			);
			name = Categories;
			sourceTree = "<group>";
		};
		00D8DC301C63AD00008596CE /* Vendor */ = {
			isa = PBXGroup;
			children = (
				6D3D367615C8CC99007D13DF /* Web */,
				6D1728731685803E00C46DB4 /* Images */,
				6D5D94D81756DC3100B6FD1E /* Defines */,
				00D8DC3B1C63AD2C008596CE /* PullToRefresh */,
				00D8DC311C63AD14008596CE /* HUD */,
			);
			name = Vendor;
			sourceTree = "<group>";
		};
		00D8DC311C63AD14008596CE /* HUD */ = {
			isa = PBXGroup;
			children = (
				00D8DC321C63AD1B008596CE /* GMHUDWindow.h */,
				00D8DC331C63AD1B008596CE /* GMHUDWindow.m */,
				00D8DC341C63AD1B008596CE /* GMHUDWindowViewController.h */,
				00D8DC351C63AD1B008596CE /* GMHUDWindowViewController.m */,
				00D8DC381C63AD22008596CE /* GMHudView.h */,
				00D8DC391C63AD22008596CE /* GMHudView.m */,
			);
			name = HUD;
			sourceTree = "<group>";
		};
		00D8DC3B1C63AD2C008596CE /* PullToRefresh */ = {
			isa = PBXGroup;
			children = (
				00D8DC3C1C63AD39008596CE /* GMDPTR.h */,
				00D8DC3D1C63AD39008596CE /* GMDPTRDefault.h */,
				00D8DC3E1C63AD39008596CE /* GMDPTRDefault.m */,
				00D8DC3F1C63AD39008596CE /* GMDPTRSimple.h */,
				00D8DC401C63AD39008596CE /* GMDPTRSimple.m */,
				00D8DC411C63AD39008596CE /* GMDPTRView.h */,
				00D8DC421C63AD39008596CE /* GMDPTRView.m */,
			);
			name = PullToRefresh;
			sourceTree = "<group>";
		};
		00D8DC4B1C63AD9F008596CE /* API */ = {
			isa = PBXGroup;
			children = (
				00D8DC2A1C63ACEE008596CE /* FeedAPI.h */,
				00D8DC2B1C63ACEE008596CE /* FeedAPI.m */,
				00D8DC2C1C63ACEE008596CE /* FeedModel.h */,
				00D8DC2D1C63ACEE008596CE /* FeedModel.m */,
			);
			name = API;
			sourceTree = "<group>";
		};
		00D8DC4C1C63ADC7008596CE /* Media */ = {
			isa = PBXGroup;
			children = (
				00D8DC4D1C63ADD0008596CE /* MediaCollectionViewController.h */,
				00D8DC4E1C63ADD0008596CE /* MediaCollectionViewController.m */,
				00D8DC4F1C63ADD0008596CE /* ArchiveViewController.h */,
				00D8DC501C63ADD0008596CE /* ArchiveViewController.m */,
				00D8DC511C63ADD0008596CE /* GMDWebViewController.h */,
				00D8DC521C63ADD0008596CE /* GMDWebViewController.m */,
				00D8DC531C63ADD0008596CE /* BookStoreViewController.h */,
				00D8DC541C63ADD0008596CE /* BookStoreViewController.m */,
				00D8DC551C63ADD0008596CE /* BookStoreDetailViewController.h */,
				00D8DC561C63ADD0008596CE /* BookStoreDetailViewController.m */,
				00D8DC571C63ADD0008596CE /* SelfStudyViewController.h */,
				00D8DC581C63ADD0008596CE /* SelfStudyViewController.m */,
			);
			name = Media;
			sourceTree = "<group>";
		};
		00D8DC5F1C63ADD4008596CE /* KabTV */ = {
			isa = PBXGroup;
			children = (
				00D8DC601C63ADE2008596CE /* KabTvViewController.h */,
				00D8DC611C63ADE2008596CE /* KabTvViewController.m */,
			);
			name = KabTV;
			sourceTree = "<group>";
		};
		00D8DC631C63ADE9008596CE /* Blog */ = {
			isa = PBXGroup;
			children = (
				00D8DC641C63ADF2008596CE /* BlogViewController.h */,
				00D8DC651C63ADF2008596CE /* BlogViewController.m */,
				00D8DC661C63ADF2008596CE /* BlogDetailViewController.h */,
				00D8DC671C63ADF2008596CE /* BlogDetailViewController.m */,
			);
			name = Blog;
			sourceTree = "<group>";
		};
		00D8DC6A1C63ADF8008596CE /* Channel */ = {
			isa = PBXGroup;
			children = (
				00D8DC6B1C63AE01008596CE /* KabbalahViewController.h */,
				00D8DC6C1C63AE01008596CE /* KabbalahViewController.m */,
				00D8DC6D1C63AE01008596CE /* KabbalahDetailViewController.h */,
				00D8DC6E1C63AE01008596CE /* KabbalahDetailViewController.m */,
				00D8DC6F1C63AE01008596CE /* KabbalahTVDetailViewController.h */,
				00D8DC701C63AE01008596CE /* KabbalahTVDetailViewController.m */,
			);
			name = Channel;
			sourceTree = "<group>";
		};
		00D8DC741C63AEE2008596CE /* Cell */ = {
			isa = PBXGroup;
			children = (
				00D8DC751C63AEEF008596CE /* CustomCell.h */,
				00D8DC761C63AEEF008596CE /* CustomCell.m */,
				00D8DC771C63AEEF008596CE /* BlogCell.h */,
				00D8DC781C63AEEF008596CE /* BlogCell.m */,
				00D8DC791C63AEEF008596CE /* BookCell.h */,
				00D8DC7A1C63AEEF008596CE /* BookCell.m */,
				00D8DC7B1C63AEEF008596CE /* BBEmptyDataSetSource.h */,
				00D8DC7C1C63AEEF008596CE /* BBEmptyDataSetSource.m */,
				00D8DC7D1C63AEEF008596CE /* BBLoadingErrorEmptyDataSetSource.h */,
				00D8DC7E1C63AEEF008596CE /* BBLoadingErrorEmptyDataSetSource.m */,
			);
			name = Cell;
			sourceTree = "<group>";
		};
		6D1728731685803E00C46DB4 /* Images */ = {
			isa = PBXGroup;
			children = (
				6D1728741685805500C46DB4 /* CDataChunk.h */,
				6D1728751685805500C46DB4 /* CDataChunk.m */,
				6D1728761685805500C46DB4 /* Chunk.h */,
				6D1728771685805500C46DB4 /* Chunk.m */,
				6D1728781685805500C46DB4 /* CommentChunk.h */,
				6D1728791685805500C46DB4 /* CommentChunk.m */,
				6D17287A1685805500C46DB4 /* CSSPartMatcher.h */,
				6D17287B1685805500C46DB4 /* CSSPartMatcher.m */,
				6D17287C1685805500C46DB4 /* CSSSelector.h */,
				6D17287D1685805500C46DB4 /* CSSSelector.m */,
				6D17287E1685805500C46DB4 /* CSSSelectorMatcher.h */,
				6D17287F1685805500C46DB4 /* CSSSelectorMatcher.m */,
				6D1728801685805500C46DB4 /* CSSSelectorPart.h */,
				6D1728811685805500C46DB4 /* CSSSelectorPart.m */,
				6D1728821685805500C46DB4 /* DoctypeChunk.h */,
				6D1728831685805500C46DB4 /* DoctypeChunk.m */,
				6D1728841685805500C46DB4 /* DocumentRoot.h */,
				6D1728851685805500C46DB4 /* DocumentRoot.m */,
				6D1728861685805500C46DB4 /* Element.h */,
				6D1728871685805500C46DB4 /* Element.m */,
				6D1728881685805500C46DB4 /* ElementParser.h */,
				6D1728891685805500C46DB4 /* ElementParser.m */,
				6D17288A1685805500C46DB4 /* EntityChunk.h */,
				6D17288B1685805500C46DB4 /* EntityChunk.m */,
				6D17288C1685805500C46DB4 /* NSString_HTML.h */,
				6D17288D1685805500C46DB4 /* NSString_HTML.m */,
				6D17288E1685805500C46DB4 /* ProcessingInstructionChunk.h */,
				6D17288F1685805500C46DB4 /* ProcessingInstructionChunk.m */,
				6D1728901685805500C46DB4 /* TagChunk.h */,
				6D1728911685805500C46DB4 /* TagChunk.m */,
				6D1728921685805500C46DB4 /* TxtChunk.h */,
				6D1728931685805500C46DB4 /* TxtChunk.m */,
				6D1728941685805500C46DB4 /* URLParser.h */,
				6D1728951685805500C46DB4 /* URLParser.m */,
			);
			name = Images;
			path = ../Resources;
			sourceTree = "<group>";
		};
		6D3D367615C8CC99007D13DF /* Web */ = {
			isa = PBXGroup;
			children = (
				00D8DC491C63AD8C008596CE /* style.css */,
				00D8DC461C63AD7D008596CE /* GMWebView.h */,
				00D8DC471C63AD7D008596CE /* GMWebView.m */,
			);
			name = Web;
			path = ../Resources;
			sourceTree = "<group>";
		};
		6D5D94D81756DC3100B6FD1E /* Defines */ = {
			isa = PBXGroup;
			children = (
				6D5D94DC1756E0BB00B6FD1E /* LocalyticsUtilities.h */,
				6D5D94DD1756E0BB00B6FD1E /* LocalyticsUtilities.m */,
			);
			name = Defines;
			path = ../Resources;
			sourceTree = "<group>";
		};
		6D67A5CF1534154000E0F5B5 = {
			isa = PBXGroup;
			children = (
				6D1CA0EF172BA34300A2C4D1 /* Kabbalah.entitlements */,
				6D67A5E41534154000E0F5B5 /* BneiB */,
				6D67A5DD1534154000E0F5B5 /* Frameworks */,
				6D67A5DB1534154000E0F5B5 /* Products */,
				E4BBCF8FFD09449A9C9EF750 /* Pods */,
			);
			sourceTree = "<group>";
		};
		6D67A5DB1534154000E0F5B5 /* Products */ = {
			isa = PBXGroup;
			children = (
				6D67A5DA1534154000E0F5B5 /* Kabbalah.app */,
			);
			name = Products;
			sourceTree = "<group>";
		};
		6D67A5DD1534154000E0F5B5 /* Frameworks */ = {
			isa = PBXGroup;
			children = (
				6D8EE6F2189CA6F0006AF2C4 /* CoreTelephony.framework */,
				6D47051F16E595120018F6D6 /* CoreLocation.framework */,
				6D47051D16E594F00018F6D6 /* AudioToolbox.framework */,
				6D17287116856EBE00C46DB4 /* MobileCoreServices.framework */,
				6D9FEA48166701E5002C8199 /* ImageIO.framework */,
				6D4D22FC1612CB65008EC51F /* AdSupport.framework */,
				6D4D22FA1612CB10008EC51F /* Accounts.framework */,
				6D1507D81609A3A4002166BE /* Social.framework */,
				6DEBE8081582E16100D336B5 /* MessageUI.framework */,
				6DEBE8061582E14D00D336B5 /* Security.framework */,
				6D96BF111564AFEB006D11D8 /* SystemConfiguration.framework */,
				6D4C1CEB155908480091EFC5 /* Twitter.framework */,
				6D919CB3154A76AB003B7FEE /* CFNetwork.framework */,
				6D919CB1154A769A003B7FEE /* QuartzCore.framework */,
				6D965E7315451ECC00B6F1E5 /* MediaPlayer.framework */,
				6D67A5DE1534154000E0F5B5 /* UIKit.framework */,
				6D67A5E01534154000E0F5B5 /* Foundation.framework */,
				6D67A5E21534154000E0F5B5 /* CoreGraphics.framework */,
				6A14D7B0173155D977533CE2 /* libPods-Kabbalah.a */,
			);
			name = Frameworks;
			sourceTree = "<group>";
		};
		6D67A5E41534154000E0F5B5 /* BneiB */ = {
			isa = PBXGroup;
			children = (
				00D8DC4B1C63AD9F008596CE /* API */,
				00D8DC301C63AD00008596CE /* Vendor */,
				00D8DC171C63ACCC008596CE /* Categories */,
				00D8DC161C63ACC8008596CE /* Model */,
				00D8DC151C63ACAD008596CE /* Classes */,
				00D8DC741C63AEE2008596CE /* Cell */,
				6D67A5E51534154000E0F5B5 /* Supporting Files */,
				00D8DC881C63BD9B008596CE /* Launch Screen.storyboard */,
			);
			path = BneiB;
			sourceTree = "<group>";
		};
		6D67A5E51534154000E0F5B5 /* Supporting Files */ = {
			isa = PBXGroup;
			children = (
				6D7BFDF119CE0F6A00EEEF44 /* Images.xcassets */,
				6DA843C616A7C68100B09A9A /* Localizable.strings */,
				6D895746156E084400786046 /* Settings.bundle */,
				6D67A5E61534154100E0F5B5 /* Kabbalah-Info.plist */,
				6D67A5E71534154100E0F5B5 /* InfoPlist.strings */,
				6D67A5EA1534154100E0F5B5 /* main.m */,
				6D67A5EC1534154100E0F5B5 /* Kabbalah-Prefix.pch */,
			);
			name = "Supporting Files";
			sourceTree = "<group>";
		};
		6DB1C821153E9ACF00CC80D0 /* Settings */ = {
			isa = PBXGroup;
			children = (
				6D192B7615CF890A008F06DB /* About.h */,
				6D192B7715CF890B008F06DB /* About.m */,
				6D192B8015CF93AB008F06DB /* Privacy.h */,
				6D192B8115CF93AB008F06DB /* Privacy.m */,
				6D192B8315D0A41B008F06DB /* Terms.h */,
				6D192B8415D0A41B008F06DB /* Terms.m */,
				6D192B8815D0AB36008F06DB /* Libraries.h */,
				6D192B8915D0AB36008F06DB /* Libraries.m */,
				001094F71C65017000C25E9B /* BBInforBaseViewController.h */,
				001094F81C65017000C25E9B /* BBInforBaseViewController.m */,
			);
			name = Settings;
			sourceTree = "<group>";
		};
		E4BBCF8FFD09449A9C9EF750 /* Pods */ = {
			isa = PBXGroup;
			children = (
				9D7BD63005AAAA9A1F0E0D30 /* Pods-Kabbalah.debug.xcconfig */,
				BC8AEEBD7214685DABC82E52 /* Pods-Kabbalah.release.xcconfig */,
				3C81F9FB33D113E8F78BC4AD /* Pods-Kabbalah.ad-hoc.xcconfig */,
			);
			name = Pods;
			sourceTree = "<group>";
		};
/* End PBXGroup section */

/* Begin PBXNativeTarget section */
		6D67A5D91534154000E0F5B5 /* Kabbalah */ = {
			isa = PBXNativeTarget;
			buildConfigurationList = 6D67A6031534154100E0F5B5 /* Build configuration list for PBXNativeTarget "Kabbalah" */;
			buildPhases = (
				F8BBD742512086B26EE12A75 /* Check Pods Manifest.lock */,
				6D67A5D61534154000E0F5B5 /* Sources */,
				6D67A5D71534154000E0F5B5 /* Frameworks */,
				6D67A5D81534154000E0F5B5 /* Resources */,
				6D35ACBB16B89F760093BC03 /* ShellScript */,
				70E3EA44F6F3A45E91E9AFCF /* Copy Pods Resources */,
				00D8DC871C63B3C5008596CE /* Increment Build Number */,
			);
			buildRules = (
			);
			dependencies = (
			);
			name = Kabbalah;
			productName = BneiB;
			productReference = 6D67A5DA1534154000E0F5B5 /* Kabbalah.app */;
			productType = "com.apple.product-type.application";
		};
/* End PBXNativeTarget section */

/* Begin PBXProject section */
		6D67A5D11534154000E0F5B5 /* Project object */ = {
			isa = PBXProject;
			attributes = {
				CLASSPREFIX = "Bnei Baruch";
				LastUpgradeCheck = 0720;
				ORGANIZATIONNAME = "Bnei Baruch USA";
				TargetAttributes = {
					6D67A5D91534154000E0F5B5 = {
						DevelopmentTeam = 88BVT739BF;
						SystemCapabilities = {
							com.apple.BackgroundModes = {
								enabled = 1;
							};
							com.apple.InAppPurchase = {
								enabled = 0;
							};
							com.apple.Keychain = {
								enabled = 0;
							};
						};
					};
				};
			};
			buildConfigurationList = 6D67A5D41534154000E0F5B5 /* Build configuration list for PBXProject "Kabbalah" */;
			compatibilityVersion = "Xcode 3.2";
			developmentRegion = English;
			hasScannedForEncodings = 0;
			knownRegions = (
				en,
				de,
				English,
				fr,
				he,
				es,
			);
			mainGroup = 6D67A5CF1534154000E0F5B5;
			productRefGroup = 6D67A5DB1534154000E0F5B5 /* Products */;
			projectDirPath = "";
			projectRoot = "";
			targets = (
				6D67A5D91534154000E0F5B5 /* Kabbalah */,
			);
		};
/* End PBXProject section */

/* Begin PBXResourcesBuildPhase section */
		6D67A5D81534154000E0F5B5 /* Resources */ = {
			isa = PBXResourcesBuildPhase;
			buildActionMask = 2147483647;
			files = (
				6D67A5E91534154100E0F5B5 /* InfoPlist.strings in Resources */,
				6D895747156E084400786046 /* Settings.bundle in Resources */,
				6DA843C416A7C68100B09A9A /* Localizable.strings in Resources */,
				00D8DC4A1C63AD8C008596CE /* style.css in Resources */,
				00D8DC891C63BD9B008596CE /* Launch Screen.storyboard in Resources */,
				6D7BFDF219CE0F6A00EEEF44 /* Images.xcassets in Resources */,
			);
			runOnlyForDeploymentPostprocessing = 0;
		};
/* End PBXResourcesBuildPhase section */

/* Begin PBXShellScriptBuildPhase section */
		00D8DC871C63B3C5008596CE /* Increment Build Number */ = {
			isa = PBXShellScriptBuildPhase;
			buildActionMask = 2147483647;
			files = (
			);
			inputPaths = (
			);
			name = "Increment Build Number";
			outputPaths = (
			);
			runOnlyForDeploymentPostprocessing = 0;
			shellPath = /bin/sh;
			shellScript = "#!/bin/bash\nbuildNumber=$(/usr/libexec/PlistBuddy -c \"Print CFBundleVersion\" \"$INFOPLIST_FILE\")\nbuildNumber=$(($buildNumber + 1))\n/usr/libexec/PlistBuddy -c \"Set :CFBundleVersion $buildNumber\" \"$INFOPLIST_FILE\"";
		};
		6D35ACBB16B89F760093BC03 /* ShellScript */ = {
			isa = PBXShellScriptBuildPhase;
			buildActionMask = 2147483647;
			files = (
			);
			inputPaths = (
			);
			outputPaths = (
			);
			runOnlyForDeploymentPostprocessing = 0;
			shellPath = /bin/sh;
			shellScript = "";
		};
		70E3EA44F6F3A45E91E9AFCF /* Copy Pods Resources */ = {
			isa = PBXShellScriptBuildPhase;
			buildActionMask = 2147483647;
			files = (
			);
			inputPaths = (
			);
			name = "Copy Pods Resources";
			outputPaths = (
			);
			runOnlyForDeploymentPostprocessing = 0;
			shellPath = /bin/sh;
			shellScript = "\"${SRCROOT}/Pods/Target Support Files/Pods-Kabbalah/Pods-Kabbalah-resources.sh\"\n";
			showEnvVarsInLog = 0;
		};
		F8BBD742512086B26EE12A75 /* Check Pods Manifest.lock */ = {
			isa = PBXShellScriptBuildPhase;
			buildActionMask = 2147483647;
			files = (
			);
			inputPaths = (
			);
			name = "Check Pods Manifest.lock";
			outputPaths = (
			);
			runOnlyForDeploymentPostprocessing = 0;
			shellPath = /bin/sh;
			shellScript = "diff \"${PODS_ROOT}/../Podfile.lock\" \"${PODS_ROOT}/Manifest.lock\" > /dev/null\nif [[ $? != 0 ]] ; then\n    cat << EOM\nerror: The sandbox is not in sync with the Podfile.lock. Run 'pod install' or update your CocoaPods installation.\nEOM\n    exit 1\nfi\n";
			showEnvVarsInLog = 0;
		};
/* End PBXShellScriptBuildPhase section */

/* Begin PBXSourcesBuildPhase section */
		6D67A5D61534154000E0F5B5 /* Sources */ = {
			isa = PBXSourcesBuildPhase;
			buildActionMask = 2147483647;
			files = (
				001094F91C65017000C25E9B /* BBInforBaseViewController.m in Sources */,
				00D8DC5B1C63ADD0008596CE /* GMDWebViewController.m in Sources */,
				6D67A5EB1534154100E0F5B5 /* main.m in Sources */,
				6D67A5EF1534154100E0F5B5 /* Bnei_BaruchAppDelegate.m in Sources */,
				00D8DC3A1C63AD22008596CE /* GMHudView.m in Sources */,
				00D8DC811C63AEEF008596CE /* BookCell.m in Sources */,
				6D192B7815CF890B008F06DB /* About.m in Sources */,
				6D192B8215CF93AB008F06DB /* Privacy.m in Sources */,
				00D8DC591C63ADD0008596CE /* MediaCollectionViewController.m in Sources */,
				00D8DC431C63AD39008596CE /* GMDPTRDefault.m in Sources */,
				6D192B8515D0A41C008F06DB /* Terms.m in Sources */,
				6D192B8A15D0AB36008F06DB /* Libraries.m in Sources */,
				6D1728961685805500C46DB4 /* CDataChunk.m in Sources */,
				6D1728971685805500C46DB4 /* Chunk.m in Sources */,
				6D1728981685805500C46DB4 /* CommentChunk.m in Sources */,
				00D8DC801C63AEEF008596CE /* BlogCell.m in Sources */,
				00D8DC5A1C63ADD0008596CE /* ArchiveViewController.m in Sources */,
				00D8DC441C63AD39008596CE /* GMDPTRSimple.m in Sources */,
				6D1728991685805500C46DB4 /* CSSPartMatcher.m in Sources */,
				00D8DC201C63ACD8008596CE /* Book.m in Sources */,
				00D8DC2F1C63ACEE008596CE /* FeedModel.m in Sources */,
				00D8DC5C1C63ADD0008596CE /* BookStoreViewController.m in Sources */,
				6D17289A1685805500C46DB4 /* CSSSelector.m in Sources */,
				00D8DC271C63ACE0008596CE /* UIColor+kabIOSAdditions.m in Sources */,
				6D17289B1685805500C46DB4 /* CSSSelectorMatcher.m in Sources */,
				6D17289C1685805500C46DB4 /* CSSSelectorPart.m in Sources */,
				00D8DC371C63AD1B008596CE /* GMHUDWindowViewController.m in Sources */,
				00D8DC5D1C63ADD0008596CE /* BookStoreDetailViewController.m in Sources */,
				00D8DC451C63AD39008596CE /* GMDPTRView.m in Sources */,
				00D8DC481C63AD7D008596CE /* GMWebView.m in Sources */,
				00D8DC1F1C63ACD8008596CE /* Blog.m in Sources */,
				00D8DC2E1C63ACEE008596CE /* FeedAPI.m in Sources */,
				6D17289D1685805500C46DB4 /* DoctypeChunk.m in Sources */,
				00D8DC291C63ACE0008596CE /* UIFont+kabiOSAdditions.m in Sources */,
				6D17289E1685805500C46DB4 /* DocumentRoot.m in Sources */,
				6D17289F1685805500C46DB4 /* Element.m in Sources */,
				00D8DC621C63ADE2008596CE /* KabTvViewController.m in Sources */,
				00D8DC361C63AD1B008596CE /* GMHUDWindow.m in Sources */,
				6D1728A01685805500C46DB4 /* ElementParser.m in Sources */,
				6D1728A11685805500C46DB4 /* EntityChunk.m in Sources */,
				00D8DC1E1C63ACD8008596CE /* Archive.m in Sources */,
				00D8DC7F1C63AEEF008596CE /* CustomCell.m in Sources */,
				6D1728A21685805500C46DB4 /* NSString_HTML.m in Sources */,
				00D8DC711C63AE01008596CE /* KabbalahViewController.m in Sources */,
				6D1728A31685805500C46DB4 /* ProcessingInstructionChunk.m in Sources */,
				6D1728A41685805500C46DB4 /* TagChunk.m in Sources */,
				6D1728A51685805500C46DB4 /* TxtChunk.m in Sources */,
				00D8DC721C63AE01008596CE /* KabbalahDetailViewController.m in Sources */,
				00D8DC281C63ACE0008596CE /* UIButton+kabiOSAdditions.m in Sources */,
				00D8DC821C63AEEF008596CE /* BBEmptyDataSetSource.m in Sources */,
				00D8DC731C63AE01008596CE /* KabbalahTVDetailViewController.m in Sources */,
				00D8DC691C63ADF2008596CE /* BlogDetailViewController.m in Sources */,
				00D8DC831C63AEEF008596CE /* BBLoadingErrorEmptyDataSetSource.m in Sources */,
				00D8DC5E1C63ADD0008596CE /* SelfStudyViewController.m in Sources */,
				00D8DC861C63AF5C008596CE /* LoginViewController.m in Sources */,
				6D1728A61685805500C46DB4 /* URLParser.m in Sources */,
				00D8DC681C63ADF2008596CE /* BlogViewController.m in Sources */,
				6D5D94DE1756E0BB00B6FD1E /* LocalyticsUtilities.m in Sources */,
			);
			runOnlyForDeploymentPostprocessing = 0;
		};
/* End PBXSourcesBuildPhase section */

/* Begin PBXVariantGroup section */
		6D67A5E71534154100E0F5B5 /* InfoPlist.strings */ = {
			isa = PBXVariantGroup;
			children = (
				6D67A5E81534154100E0F5B5 /* en */,
				6D75FBEF16A679E90014695F /* es */,
			);
			name = InfoPlist.strings;
			sourceTree = "<group>";
		};
		6DA843C616A7C68100B09A9A /* Localizable.strings */ = {
			isa = PBXVariantGroup;
			children = (
				6DA843C516A7C68100B09A9A /* en */,
				6DA843C716A7C68600B09A9A /* es */,
			);
			name = Localizable.strings;
			sourceTree = "<group>";
		};
/* End PBXVariantGroup section */

/* Begin XCBuildConfiguration section */
		6D67A6011534154100E0F5B5 /* Debug */ = {
			isa = XCBuildConfiguration;
			buildSettings = {
				ALWAYS_SEARCH_USER_PATHS = NO;
				CLANG_CXX_LANGUAGE_STANDARD = "gnu++0x";
				CLANG_CXX_LIBRARY = "libc++";
				CLANG_ENABLE_MODULES = YES;
				CLANG_ENABLE_OBJC_ARC = YES;
				CLANG_WARN_BOOL_CONVERSION = YES;
				CLANG_WARN_CONSTANT_CONVERSION = YES;
				CLANG_WARN_DIRECT_OBJC_ISA_USAGE = YES_ERROR;
				CLANG_WARN_EMPTY_BODY = YES;
				CLANG_WARN_ENUM_CONVERSION = YES;
				CLANG_WARN_INT_CONVERSION = YES;
				CLANG_WARN_OBJC_ROOT_CLASS = YES_ERROR;
				CLANG_WARN_UNREACHABLE_CODE = YES;
				CLANG_WARN__DUPLICATE_METHOD_MATCH = YES;
				CODE_SIGN_ENTITLEMENTS = Kabbalah.entitlements;
				CODE_SIGN_IDENTITY = "";
				COPY_PHASE_STRIP = NO;
				CURRENT_PROJECT_VERSION = 6;
				ENABLE_BITCODE = NO;
				ENABLE_STRICT_OBJC_MSGSEND = NO;
				ENABLE_TESTABILITY = YES;
				GCC_C_LANGUAGE_STANDARD = gnu99;
				GCC_DYNAMIC_NO_PIC = NO;
				GCC_NO_COMMON_BLOCKS = NO;
				GCC_OPTIMIZATION_LEVEL = 0;
				GCC_PREPROCESSOR_DEFINITIONS = (
					"DEBUG=1",
					"$(inherited)",
				);
				GCC_SYMBOLS_PRIVATE_EXTERN = NO;
				GCC_VERSION = com.apple.compilers.llvm.clang.1_0;
				GCC_WARN_64_TO_32_BIT_CONVERSION = YES;
				GCC_WARN_ABOUT_RETURN_TYPE = YES_ERROR;
				GCC_WARN_UNDECLARED_SELECTOR = YES;
				GCC_WARN_UNINITIALIZED_AUTOS = YES_AGGRESSIVE;
				GCC_WARN_UNUSED_FUNCTION = YES;
				GCC_WARN_UNUSED_VARIABLE = YES;
				HEADER_SEARCH_PATHS = "";
				IPHONEOS_DEPLOYMENT_TARGET = 8.1;
				ONLY_ACTIVE_ARCH = YES;
				PROVISIONING_PROFILE = "E70A312C-8A09-4CA0-9E97-20B7FD8AA749";
				SDKROOT = iphoneos;
				SKIP_INSTALL = NO;
				STRIP_INSTALLED_PRODUCT = YES;
				VERSIONING_SYSTEM = "apple-generic";
			};
			name = Debug;
		};
		6D67A6021534154100E0F5B5 /* Release */ = {
			isa = XCBuildConfiguration;
			buildSettings = {
				ALWAYS_SEARCH_USER_PATHS = NO;
				CLANG_CXX_LANGUAGE_STANDARD = "gnu++0x";
				CLANG_CXX_LIBRARY = "libc++";
				CLANG_ENABLE_MODULES = YES;
				CLANG_ENABLE_OBJC_ARC = YES;
				CLANG_WARN_BOOL_CONVERSION = YES;
				CLANG_WARN_CONSTANT_CONVERSION = YES;
				CLANG_WARN_DIRECT_OBJC_ISA_USAGE = YES_ERROR;
				CLANG_WARN_EMPTY_BODY = YES;
				CLANG_WARN_ENUM_CONVERSION = YES;
				CLANG_WARN_INT_CONVERSION = YES;
				CLANG_WARN_OBJC_ROOT_CLASS = YES_ERROR;
				CLANG_WARN_UNREACHABLE_CODE = YES;
				CLANG_WARN__DUPLICATE_METHOD_MATCH = YES;
				CODE_SIGN_ENTITLEMENTS = Kabbalah.entitlements;
				CODE_SIGN_IDENTITY = "";
				COPY_PHASE_STRIP = YES;
				CURRENT_PROJECT_VERSION = 6;
				ENABLE_BITCODE = NO;
				ENABLE_STRICT_OBJC_MSGSEND = YES;
				GCC_C_LANGUAGE_STANDARD = gnu99;
				GCC_NO_COMMON_BLOCKS = NO;
				GCC_VERSION = com.apple.compilers.llvm.clang.1_0;
				GCC_WARN_64_TO_32_BIT_CONVERSION = YES;
				GCC_WARN_ABOUT_RETURN_TYPE = YES_ERROR;
				GCC_WARN_UNDECLARED_SELECTOR = YES;
				GCC_WARN_UNINITIALIZED_AUTOS = YES_AGGRESSIVE;
				GCC_WARN_UNUSED_FUNCTION = YES;
				GCC_WARN_UNUSED_VARIABLE = YES;
				HEADER_SEARCH_PATHS = "";
				IPHONEOS_DEPLOYMENT_TARGET = 8.1;
				OTHER_CFLAGS = "-DNS_BLOCK_ASSERTIONS=1";
				PROVISIONING_PROFILE = "E70A312C-8A09-4CA0-9E97-20B7FD8AA749";
				SDKROOT = iphoneos;
				SKIP_INSTALL = NO;
				STRIP_INSTALLED_PRODUCT = YES;
				VALIDATE_PRODUCT = YES;
				VERSIONING_SYSTEM = "apple-generic";
			};
			name = Release;
		};
		6D67A6041534154100E0F5B5 /* Debug */ = {
			isa = XCBuildConfiguration;
			baseConfigurationReference = 9D7BD63005AAAA9A1F0E0D30 /* Pods-Kabbalah.debug.xcconfig */;
			buildSettings = {
				ASSETCATALOG_COMPILER_APPICON_NAME = AppIcon;
				ASSETCATALOG_COMPILER_LAUNCHIMAGE_NAME = LaunchImage;
				CLANG_ENABLE_MODULES = YES;
				CLANG_ENABLE_OBJC_ARC = YES;
				CODE_SIGN_IDENTITY = "iPhone Developer";
				"CODE_SIGN_IDENTITY[sdk=iphoneos*]" = "iPhone Developer";
				CURRENT_PROJECT_VERSION = 6;
				ENABLE_BITCODE = NO;
				FRAMEWORK_SEARCH_PATHS = (
					"$(inherited)",
					"$(SRCROOT)",
					"$(PROJECT_DIR)",
				);
				GCC_PRECOMPILE_PREFIX_HEADER = YES;
				GCC_PREFIX_HEADER = "BneiB/Kabbalah-Prefix.pch";
				INFOPLIST_FILE = "BneiB/Kabbalah-Info.plist";
				IPHONEOS_DEPLOYMENT_TARGET = 8.1;
				LD_RUNPATH_SEARCH_PATHS = "@executable_path/Frameworks $(inherited)";
				LIBRARY_SEARCH_PATHS = (
					"$(inherited)",
					"$(SRCROOT)",
				);
				OTHER_LDFLAGS = "$(inherited)";
				PRODUCT_BUNDLE_IDENTIFIER = com.bneibaruch.Kabbalah;
				PRODUCT_NAME = Kabbalah;
				PROVISIONING_PROFILE = "";
				TARGETED_DEVICE_FAMILY = "1,2";
				USER_HEADER_SEARCH_PATHS = "";
				VALID_ARCHS = "armv7 armv7s arm64";
				VERSIONING_SYSTEM = "apple-generic";
				WRAPPER_EXTENSION = app;
			};
			name = Debug;
		};
		6D67A6051534154100E0F5B5 /* Release */ = {
			isa = XCBuildConfiguration;
			baseConfigurationReference = BC8AEEBD7214685DABC82E52 /* Pods-Kabbalah.release.xcconfig */;
			buildSettings = {
				ASSETCATALOG_COMPILER_APPICON_NAME = AppIcon;
				ASSETCATALOG_COMPILER_LAUNCHIMAGE_NAME = LaunchImage;
				CLANG_ENABLE_MODULES = YES;
				CLANG_ENABLE_OBJC_ARC = YES;
				CODE_SIGN_IDENTITY = "iPhone Developer";
				"CODE_SIGN_IDENTITY[sdk=iphoneos*]" = "iPhone Developer";
				CURRENT_PROJECT_VERSION = 6;
				ENABLE_BITCODE = NO;
				FRAMEWORK_SEARCH_PATHS = (
					"$(inherited)",
					"$(SRCROOT)",
					"$(PROJECT_DIR)",
				);
				GCC_PRECOMPILE_PREFIX_HEADER = YES;
				GCC_PREFIX_HEADER = "BneiB/Kabbalah-Prefix.pch";
				INFOPLIST_FILE = "BneiB/Kabbalah-Info.plist";
				IPHONEOS_DEPLOYMENT_TARGET = 8.1;
				LD_RUNPATH_SEARCH_PATHS = "@executable_path/Frameworks $(inherited)";
				LIBRARY_SEARCH_PATHS = (
					"$(inherited)",
					"$(SRCROOT)",
				);
				OTHER_LDFLAGS = "$(inherited)";
				PRODUCT_BUNDLE_IDENTIFIER = com.bneibaruch.Kabbalah;
				PRODUCT_NAME = Kabbalah;
				PROVISIONING_PROFILE = "";
				TARGETED_DEVICE_FAMILY = "1,2";
				USER_HEADER_SEARCH_PATHS = "";
				VALID_ARCHS = "armv7 armv7s arm64";
				VERSIONING_SYSTEM = "apple-generic";
				WRAPPER_EXTENSION = app;
			};
			name = Release;
		};
		6DE808D2159689BF002E7A05 /* Ad-Hoc */ = {
			isa = XCBuildConfiguration;
			buildSettings = {
				ALWAYS_SEARCH_USER_PATHS = NO;
				CLANG_CXX_LANGUAGE_STANDARD = "gnu++0x";
				CLANG_CXX_LIBRARY = "libc++";
				CLANG_ENABLE_MODULES = YES;
				CLANG_ENABLE_OBJC_ARC = YES;
				CLANG_WARN_BOOL_CONVERSION = YES;
				CLANG_WARN_CONSTANT_CONVERSION = YES;
				CLANG_WARN_DIRECT_OBJC_ISA_USAGE = YES_ERROR;
				CLANG_WARN_EMPTY_BODY = YES;
				CLANG_WARN_ENUM_CONVERSION = YES;
				CLANG_WARN_INT_CONVERSION = YES;
				CLANG_WARN_OBJC_ROOT_CLASS = YES_ERROR;
				CLANG_WARN_UNREACHABLE_CODE = YES;
				CLANG_WARN__DUPLICATE_METHOD_MATCH = YES;
				CODE_SIGN_ENTITLEMENTS = Kabbalah.entitlements;
				CODE_SIGN_IDENTITY = "";
				COPY_PHASE_STRIP = NO;
				CURRENT_PROJECT_VERSION = 6;
				ENABLE_BITCODE = NO;
				ENABLE_STRICT_OBJC_MSGSEND = YES;
				GCC_C_LANGUAGE_STANDARD = gnu99;
				GCC_NO_COMMON_BLOCKS = NO;
				GCC_VERSION = com.apple.compilers.llvm.clang.1_0;
				GCC_WARN_64_TO_32_BIT_CONVERSION = YES;
				GCC_WARN_ABOUT_RETURN_TYPE = YES_ERROR;
				GCC_WARN_UNDECLARED_SELECTOR = YES;
				GCC_WARN_UNINITIALIZED_AUTOS = YES_AGGRESSIVE;
				GCC_WARN_UNUSED_FUNCTION = YES;
				GCC_WARN_UNUSED_VARIABLE = YES;
				HEADER_SEARCH_PATHS = "";
				IPHONEOS_DEPLOYMENT_TARGET = 8.1;
				OTHER_CFLAGS = "-DNS_BLOCK_ASSERTIONS=1";
				PROVISIONING_PROFILE = "E70A312C-8A09-4CA0-9E97-20B7FD8AA749";
				SDKROOT = iphoneos;
				SKIP_INSTALL = NO;
				STRIP_INSTALLED_PRODUCT = YES;
				VALIDATE_PRODUCT = NO;
				VERSIONING_SYSTEM = "apple-generic";
			};
			name = "Ad-Hoc";
		};
		6DE808D3159689BF002E7A05 /* Ad-Hoc */ = {
			isa = XCBuildConfiguration;
			baseConfigurationReference = 3C81F9FB33D113E8F78BC4AD /* Pods-Kabbalah.ad-hoc.xcconfig */;
			buildSettings = {
				ASSETCATALOG_COMPILER_APPICON_NAME = AppIcon;
				ASSETCATALOG_COMPILER_LAUNCHIMAGE_NAME = LaunchImage;
				CLANG_ENABLE_MODULES = YES;
				CLANG_ENABLE_OBJC_ARC = YES;
				CODE_SIGN_IDENTITY = "iPhone Developer";
				"CODE_SIGN_IDENTITY[sdk=iphoneos*]" = "iPhone Developer";
				CURRENT_PROJECT_VERSION = 6;
				ENABLE_BITCODE = NO;
				FRAMEWORK_SEARCH_PATHS = (
					"$(inherited)",
					"$(SRCROOT)",
					"$(PROJECT_DIR)",
				);
				GCC_PRECOMPILE_PREFIX_HEADER = YES;
				GCC_PREFIX_HEADER = "BneiB/Kabbalah-Prefix.pch";
				INFOPLIST_FILE = "BneiB/Kabbalah-Info.plist";
				IPHONEOS_DEPLOYMENT_TARGET = 8.1;
				LD_RUNPATH_SEARCH_PATHS = "@executable_path/Frameworks $(inherited)";
				LIBRARY_SEARCH_PATHS = (
					"$(inherited)",
					"$(SRCROOT)",
				);
				OTHER_LDFLAGS = "$(inherited)";
				PRODUCT_BUNDLE_IDENTIFIER = com.bneibaruch.Kabbalah;
				PRODUCT_NAME = Kabbalah;
				PROVISIONING_PROFILE = "";
				TARGETED_DEVICE_FAMILY = "1,2";
				USER_HEADER_SEARCH_PATHS = "";
				VALID_ARCHS = "armv7 armv7s arm64";
				VERSIONING_SYSTEM = "apple-generic";
				WRAPPER_EXTENSION = app;
			};
			name = "Ad-Hoc";
		};
/* End XCBuildConfiguration section */

/* Begin XCConfigurationList section */
		6D67A5D41534154000E0F5B5 /* Build configuration list for PBXProject "Kabbalah" */ = {
			isa = XCConfigurationList;
			buildConfigurations = (
				6D67A6011534154100E0F5B5 /* Debug */,
				6D67A6021534154100E0F5B5 /* Release */,
				6DE808D2159689BF002E7A05 /* Ad-Hoc */,
			);
			defaultConfigurationIsVisible = 0;
			defaultConfigurationName = Debug;
		};
		6D67A6031534154100E0F5B5 /* Build configuration list for PBXNativeTarget "Kabbalah" */ = {
			isa = XCConfigurationList;
			buildConfigurations = (
				6D67A6041534154100E0F5B5 /* Debug */,
				6D67A6051534154100E0F5B5 /* Release */,
				6DE808D3159689BF002E7A05 /* Ad-Hoc */,
			);
			defaultConfigurationIsVisible = 0;
			defaultConfigurationName = Debug;
		};
/* End XCConfigurationList section */
	};
	rootObject = 6D67A5D11534154000E0F5B5 /* Project object */;
}
